
Microsoft Visual Studio Solution File, Format Version 12.00
# Visual Studio 15
VisualStudioVersion = 15.0.28307.779
MinimumVisualStudioVersion = 10.0.40219.1
Project("{9092AA53-FB77-4645-B42D-1CCCA6BD08BD}") = "PersonalWebsite", "PersonalWebsite\PersonalWebsite.njsproj", "{E861E96F-3757-42BF-9DD0-2B76AC999517}"
EndProject
Global
	GlobalSection(SolutionConfigurationPlatforms) = preSolution
		Debug|Any CPU = Debug|Any CPU
		Release|Any CPU = Release|Any CPU
	EndGlobalSection
	GlobalSection(ProjectConfigurationPlatforms) = postSolution
		{E861E96F-3757-42BF-9DD0-2B76AC999517}.Debug|Any CPU.ActiveCfg = Debug|Any CPU
		{E861E96F-3757-42BF-9DD0-2B76AC999517}.Debug|Any CPU.Build.0 = Debug|Any CPU
		{E861E96F-3757-42BF-9DD0-2B76AC999517}.Release|Any CPU.ActiveCfg = Release|Any CPU
		{E861E96F-3757-42BF-9DD0-2B76AC999517}.Release|Any CPU.Build.0 = Release|Any CPU
	EndGlobalSection
	GlobalSection(SolutionProperties) = preSolution
		HideSolutionNode = FALSE
	EndGlobalSection
	GlobalSection(ExtensibilityGlobals) = postSolution
		SolutionGuid = {2C6A0ADD-70E4-4FA0-97EF-5E8697683C2D}
	EndGlobalSection
EndGlobal
